
Microsoft Visual Studio Solution File, Format Version 12.00
# Visual Studio Version 16
VisualStudioVersion = 16.0.29306.81
MinimumVisualStudioVersion = 10.0.40219.1
Project("{8BC9CEB8-8B4A-11D0-8D11-00A0C91BC942}") = "hash_table_3", "hash_table_3.vcxproj", "{874B01F8-F861-4FAC-8E4C-AEE8D2FB27AE}"
EndProject
Global
	GlobalSection(SolutionConfigurationPlatforms) = preSolution
		Debug|x64 = Debug|x64
		Debug|x86 = Debug|x86
		Release|x64 = Release|x64
		Release|x86 = Release|x86
	EndGlobalSection
	GlobalSection(ProjectConfigurationPlatforms) = postSolution
		{874B01F8-F861-4FAC-8E4C-AEE8D2FB27AE}.Debug|x64.ActiveCfg = Debug|x64
		{874B01F8-F861-4FAC-8E4C-AEE8D2FB27AE}.Debug|x64.Build.0 = Debug|x64
		{874B01F8-F861-4FAC-8E4C-AEE8D2FB27AE}.Debug|x86.ActiveCfg = Debug|Win32
		{874B01F8-F861-4FAC-8E4C-AEE8D2FB27AE}.Debug|x86.Build.0 = Debug|Win32
		{874B01F8-F861-4FAC-8E4C-AEE8D2FB27AE}.Release|x64.ActiveCfg = Release|x64
		{874B01F8-F861-4FAC-8E4C-AEE8D2FB27AE}.Release|x64.Build.0 = Release|x64
		{874B01F8-F861-4FAC-8E4C-AEE8D2FB27AE}.Release|x86.ActiveCfg = Release|Win32
		{874B01F8-F861-4FAC-8E4C-AEE8D2FB27AE}.Release|x86.Build.0 = Release|Win32
	EndGlobalSection
	GlobalSection(SolutionProperties) = preSolution
		HideSolutionNode = FALSE
	EndGlobalSection
	GlobalSection(ExtensibilityGlobals) = postSolution
		SolutionGuid = {1E4D2D16-2387-4F5A-8845-F148A0FADDD4}
	EndGlobalSection
EndGlobal
